// !$*UTF8*$!
{
	archiveVersion = 1;
	classes = {
	};
	objectVersion = 48;
	objects = {

/* Begin PBXBuildFile section */
		1020555BA8B00B472C0536D9 /* Pods_ISSPassTimesUITests.framework in Frameworks */ = {isa = PBXBuildFile; fileRef = 4EFE7B042C2A7045D2908FBD /* Pods_ISSPassTimesUITests.framework */; };
		4449DEDAE4697BEE31885CB1 /* Pods_ISSPassTimesTests.framework in Frameworks */ = {isa = PBXBuildFile; fileRef = 5C8C79E5E43367767577C73D /* Pods_ISSPassTimesTests.framework */; };
		5F7F86011FF04E0700FC440E /* AppDelegate.swift in Sources */ = {isa = PBXBuildFile; fileRef = 5F7F86001FF04E0700FC440E /* AppDelegate.swift */; };
		5F7F86031FF04E0700FC440E /* ISSPassTimesViewController.swift in Sources */ = {isa = PBXBuildFile; fileRef = 5F7F86021FF04E0700FC440E /* ISSPassTimesViewController.swift */; };
		5F7F86061FF04E0700FC440E /* Main.storyboard in Resources */ = {isa = PBXBuildFile; fileRef = 5F7F86041FF04E0700FC440E /* Main.storyboard */; };
		5F7F86081FF04E0700FC440E /* Assets.xcassets in Resources */ = {isa = PBXBuildFile; fileRef = 5F7F86071FF04E0700FC440E /* Assets.xcassets */; };
		5F7F860B1FF04E0700FC440E /* LaunchScreen.storyboard in Resources */ = {isa = PBXBuildFile; fileRef = 5F7F86091FF04E0700FC440E /* LaunchScreen.storyboard */; };
		5F7F86161FF04E0700FC440E /* ISSPassTimesTests.swift in Sources */ = {isa = PBXBuildFile; fileRef = 5F7F86151FF04E0700FC440E /* ISSPassTimesTests.swift */; };
		5F7F86211FF04E0700FC440E /* ISSPassTimesUITests.swift in Sources */ = {isa = PBXBuildFile; fileRef = 5F7F86201FF04E0700FC440E /* ISSPassTimesUITests.swift */; };
		5F7F86331FF057DF00FC440E /* ISSPassTimes.swift in Sources */ = {isa = PBXBuildFile; fileRef = 5F7F86321FF057DF00FC440E /* ISSPassTimes.swift */; };
		5F7F86361FF05B6700FC440E /* Constant.swift in Sources */ = {isa = PBXBuildFile; fileRef = 5F7F86351FF05B6700FC440E /* Constant.swift */; };
		5F7F86381FF05B8700FC440E /* ISSPassTimesViewModel.swift in Sources */ = {isa = PBXBuildFile; fileRef = 5F7F86371FF05B8700FC440E /* ISSPassTimesViewModel.swift */; };
		C4DAC3EEA033A6B646C21674 /* Pods_ISSPassTimes.framework in Frameworks */ = {isa = PBXBuildFile; fileRef = 1CEB5933BCA7644E44028E74 /* Pods_ISSPassTimes.framework */; };
/* End PBXBuildFile section */

/* Begin PBXContainerItemProxy section */
		5F7F86121FF04E0700FC440E /* PBXContainerItemProxy */ = {
			isa = PBXContainerItemProxy;
			containerPortal = 5F7F85F51FF04E0700FC440E /* Project object */;
			proxyType = 1;
			remoteGlobalIDString = 5F7F85FC1FF04E0700FC440E;
			remoteInfo = ISSPassTimes;
		};
		5F7F861D1FF04E0700FC440E /* PBXContainerItemProxy */ = {
			isa = PBXContainerItemProxy;
			containerPortal = 5F7F85F51FF04E0700FC440E /* Project object */;
			proxyType = 1;
			remoteGlobalIDString = 5F7F85FC1FF04E0700FC440E;
			remoteInfo = ISSPassTimes;
		};
/* End PBXContainerItemProxy section */

/* Begin PBXFileReference section */
		090529BAF4580CF1038D061F /* Pods-ISSPassTimes.release.xcconfig */ = {isa = PBXFileReference; includeInIndex = 1; lastKnownFileType = text.xcconfig; name = "Pods-ISSPassTimes.release.xcconfig"; path = "Pods/Target Support Files/Pods-ISSPassTimes/Pods-ISSPassTimes.release.xcconfig"; sourceTree = "<group>"; };
		15B36E33E9A41A056FC7A5EA /* Pods-ISSPassTimesUITests.release.xcconfig */ = {isa = PBXFileReference; includeInIndex = 1; lastKnownFileType = text.xcconfig; name = "Pods-ISSPassTimesUITests.release.xcconfig"; path = "Pods/Target Support Files/Pods-ISSPassTimesUITests/Pods-ISSPassTimesUITests.release.xcconfig"; sourceTree = "<group>"; };
		1CEB5933BCA7644E44028E74 /* Pods_ISSPassTimes.framework */ = {isa = PBXFileReference; explicitFileType = wrapper.framework; includeInIndex = 0; path = Pods_ISSPassTimes.framework; sourceTree = BUILT_PRODUCTS_DIR; };
		39FDCD2E87F1809A326172FA /* Pods-ISSPassTimesTests.debug.xcconfig */ = {isa = PBXFileReference; includeInIndex = 1; lastKnownFileType = text.xcconfig; name = "Pods-ISSPassTimesTests.debug.xcconfig"; path = "Pods/Target Support Files/Pods-ISSPassTimesTests/Pods-ISSPassTimesTests.debug.xcconfig"; sourceTree = "<group>"; };
		4EFE7B042C2A7045D2908FBD /* Pods_ISSPassTimesUITests.framework */ = {isa = PBXFileReference; explicitFileType = wrapper.framework; includeInIndex = 0; path = Pods_ISSPassTimesUITests.framework; sourceTree = BUILT_PRODUCTS_DIR; };
		5C8C79E5E43367767577C73D /* Pods_ISSPassTimesTests.framework */ = {isa = PBXFileReference; explicitFileType = wrapper.framework; includeInIndex = 0; path = Pods_ISSPassTimesTests.framework; sourceTree = BUILT_PRODUCTS_DIR; };
		5F7F85FD1FF04E0700FC440E /* ISSPassTimes.app */ = {isa = PBXFileReference; explicitFileType = wrapper.application; includeInIndex = 0; path = ISSPassTimes.app; sourceTree = BUILT_PRODUCTS_DIR; };
		5F7F86001FF04E0700FC440E /* AppDelegate.swift */ = {isa = PBXFileReference; lastKnownFileType = sourcecode.swift; path = AppDelegate.swift; sourceTree = "<group>"; };
		5F7F86021FF04E0700FC440E /* ISSPassTimesViewController.swift */ = {isa = PBXFileReference; lastKnownFileType = sourcecode.swift; path = ISSPassTimesViewController.swift; sourceTree = "<group>"; };
		5F7F86051FF04E0700FC440E /* Base */ = {isa = PBXFileReference; lastKnownFileType = file.storyboard; name = Base; path = Base.lproj/Main.storyboard; sourceTree = "<group>"; };
		5F7F86071FF04E0700FC440E /* Assets.xcassets */ = {isa = PBXFileReference; lastKnownFileType = folder.assetcatalog; path = Assets.xcassets; sourceTree = "<group>"; };
		5F7F860A1FF04E0700FC440E /* Base */ = {isa = PBXFileReference; lastKnownFileType = file.storyboard; name = Base; path = Base.lproj/LaunchScreen.storyboard; sourceTree = "<group>"; };
		5F7F860C1FF04E0700FC440E /* Info.plist */ = {isa = PBXFileReference; lastKnownFileType = text.plist.xml; path = Info.plist; sourceTree = "<group>"; };
		5F7F86111FF04E0700FC440E /* ISSPassTimesTests.xctest */ = {isa = PBXFileReference; explicitFileType = wrapper.cfbundle; includeInIndex = 0; path = ISSPassTimesTests.xctest; sourceTree = BUILT_PRODUCTS_DIR; };
		5F7F86151FF04E0700FC440E /* ISSPassTimesTests.swift */ = {isa = PBXFileReference; lastKnownFileType = sourcecode.swift; path = ISSPassTimesTests.swift; sourceTree = "<group>"; };
		5F7F86171FF04E0700FC440E /* Info.plist */ = {isa = PBXFileReference; lastKnownFileType = text.plist.xml; path = Info.plist; sourceTree = "<group>"; };
		5F7F861C1FF04E0700FC440E /* ISSPassTimesUITests.xctest */ = {isa = PBXFileReference; explicitFileType = wrapper.cfbundle; includeInIndex = 0; path = ISSPassTimesUITests.xctest; sourceTree = BUILT_PRODUCTS_DIR; };
		5F7F86201FF04E0700FC440E /* ISSPassTimesUITests.swift */ = {isa = PBXFileReference; lastKnownFileType = sourcecode.swift; path = ISSPassTimesUITests.swift; sourceTree = "<group>"; };
		5F7F86221FF04E0700FC440E /* Info.plist */ = {isa = PBXFileReference; lastKnownFileType = text.plist.xml; path = Info.plist; sourceTree = "<group>"; };
		5F7F86321FF057DF00FC440E /* ISSPassTimes.swift */ = {isa = PBXFileReference; lastKnownFileType = sourcecode.swift; path = ISSPassTimes.swift; sourceTree = "<group>"; };
		5F7F86351FF05B6700FC440E /* Constant.swift */ = {isa = PBXFileReference; lastKnownFileType = sourcecode.swift; path = Constant.swift; sourceTree = "<group>"; };
		5F7F86371FF05B8700FC440E /* ISSPassTimesViewModel.swift */ = {isa = PBXFileReference; lastKnownFileType = sourcecode.swift; path = ISSPassTimesViewModel.swift; sourceTree = "<group>"; };
		60E7F4CC7E9B0B0D239D2E5B /* Pods-ISSPassTimesUITests.debug.xcconfig */ = {isa = PBXFileReference; includeInIndex = 1; lastKnownFileType = text.xcconfig; name = "Pods-ISSPassTimesUITests.debug.xcconfig"; path = "Pods/Target Support Files/Pods-ISSPassTimesUITests/Pods-ISSPassTimesUITests.debug.xcconfig"; sourceTree = "<group>"; };
		62BC69C3897A0F144F38A5B9 /* Pods-ISSPassTimesTests.release.xcconfig */ = {isa = PBXFileReference; includeInIndex = 1; lastKnownFileType = text.xcconfig; name = "Pods-ISSPassTimesTests.release.xcconfig"; path = "Pods/Target Support Files/Pods-ISSPassTimesTests/Pods-ISSPassTimesTests.release.xcconfig"; sourceTree = "<group>"; };
		EFAFDA3BC393E7CA0A9C3245 /* Pods-ISSPassTimes.debug.xcconfig */ = {isa = PBXFileReference; includeInIndex = 1; lastKnownFileType = text.xcconfig; name = "Pods-ISSPassTimes.debug.xcconfig"; path = "Pods/Target Support Files/Pods-ISSPassTimes/Pods-ISSPassTimes.debug.xcconfig"; sourceTree = "<group>"; };
/* End PBXFileReference section */

/* Begin PBXFrameworksBuildPhase section */
		5F7F85FA1FF04E0700FC440E /* Frameworks */ = {
			isa = PBXFrameworksBuildPhase;
			buildActionMask = 2147483647;
			files = (
				C4DAC3EEA033A6B646C21674 /* Pods_ISSPassTimes.framework in Frameworks */,
			);
			runOnlyForDeploymentPostprocessing = 0;
		};
		5F7F860E1FF04E0700FC440E /* Frameworks */ = {
			isa = PBXFrameworksBuildPhase;
			buildActionMask = 2147483647;
			files = (
				4449DEDAE4697BEE31885CB1 /* Pods_ISSPassTimesTests.framework in Frameworks */,
			);
			runOnlyForDeploymentPostprocessing = 0;
		};
		5F7F86191FF04E0700FC440E /* Frameworks */ = {
			isa = PBXFrameworksBuildPhase;
			buildActionMask = 2147483647;
			files = (
				1020555BA8B00B472C0536D9 /* Pods_ISSPassTimesUITests.framework in Frameworks */,
			);
			runOnlyForDeploymentPostprocessing = 0;
		};
/* End PBXFrameworksBuildPhase section */

/* Begin PBXGroup section */
		0EE9F1B280401977B44BE7D8 /* Pods */ = {
			isa = PBXGroup;
			children = (
				EFAFDA3BC393E7CA0A9C3245 /* Pods-ISSPassTimes.debug.xcconfig */,
				090529BAF4580CF1038D061F /* Pods-ISSPassTimes.release.xcconfig */,
				39FDCD2E87F1809A326172FA /* Pods-ISSPassTimesTests.debug.xcconfig */,
				62BC69C3897A0F144F38A5B9 /* Pods-ISSPassTimesTests.release.xcconfig */,
				60E7F4CC7E9B0B0D239D2E5B /* Pods-ISSPassTimesUITests.debug.xcconfig */,
				15B36E33E9A41A056FC7A5EA /* Pods-ISSPassTimesUITests.release.xcconfig */,
			);
			name = Pods;
			sourceTree = "<group>";
		};
		5F7F85F41FF04E0700FC440E = {
			isa = PBXGroup;
			children = (
				5F7F85FF1FF04E0700FC440E /* ISSPassTimes */,
				5F7F86141FF04E0700FC440E /* ISSPassTimesTests */,
				5F7F861F1FF04E0700FC440E /* ISSPassTimesUITests */,
				5F7F85FE1FF04E0700FC440E /* Products */,
				0EE9F1B280401977B44BE7D8 /* Pods */,
				6943FE45CCCEC75B16E9F17A /* Frameworks */,
			);
			sourceTree = "<group>";
		};
		5F7F85FE1FF04E0700FC440E /* Products */ = {
			isa = PBXGroup;
			children = (
				5F7F85FD1FF04E0700FC440E /* ISSPassTimes.app */,
				5F7F86111FF04E0700FC440E /* ISSPassTimesTests.xctest */,
				5F7F861C1FF04E0700FC440E /* ISSPassTimesUITests.xctest */,
			);
			name = Products;
			sourceTree = "<group>";
		};
		5F7F85FF1FF04E0700FC440E /* ISSPassTimes */ = {
			isa = PBXGroup;
			children = (
				5F7F86341FF05B2000FC440E /* classes */,
				5F7F862E1FF0571900FC440E /* view */,
				5F7F86301FF0572800FC440E /* View model */,
				5F7F862F1FF0572000FC440E /* Model */,
				5F7F86311FF0573F00FC440E /* Resources */,
				5F7F86001FF04E0700FC440E /* AppDelegate.swift */,
			);
			path = ISSPassTimes;
			sourceTree = "<group>";
		};
		5F7F86141FF04E0700FC440E /* ISSPassTimesTests */ = {
			isa = PBXGroup;
			children = (
				5F7F86151FF04E0700FC440E /* ISSPassTimesTests.swift */,
				5F7F86171FF04E0700FC440E /* Info.plist */,
			);
			path = ISSPassTimesTests;
			sourceTree = "<group>";
		};
		5F7F861F1FF04E0700FC440E /* ISSPassTimesUITests */ = {
			isa = PBXGroup;
			children = (
				5F7F86201FF04E0700FC440E /* ISSPassTimesUITests.swift */,
				5F7F86221FF04E0700FC440E /* Info.plist */,
			);
			path = ISSPassTimesUITests;
			sourceTree = "<group>";
		};
		5F7F862E1FF0571900FC440E /* view */ = {
			isa = PBXGroup;
			children = (
				5F7F86021FF04E0700FC440E /* ISSPassTimesViewController.swift */,
				5F7F86041FF04E0700FC440E /* Main.storyboard */,
			);
			path = view;
			sourceTree = "<group>";
		};
		5F7F862F1FF0572000FC440E /* Model */ = {
			isa = PBXGroup;
			children = (
				5F7F86321FF057DF00FC440E /* ISSPassTimes.swift */,
			);
			path = Model;
			sourceTree = "<group>";
		};
		5F7F86301FF0572800FC440E /* View model */ = {
			isa = PBXGroup;
			children = (
				5F7F86371FF05B8700FC440E /* ISSPassTimesViewModel.swift */,
			);
			path = "View model";
			sourceTree = "<group>";
		};
		5F7F86311FF0573F00FC440E /* Resources */ = {
			isa = PBXGroup;
			children = (
				5F7F86071FF04E0700FC440E /* Assets.xcassets */,
				5F7F860C1FF04E0700FC440E /* Info.plist */,
				5F7F86091FF04E0700FC440E /* LaunchScreen.storyboard */,
			);
			path = Resources;
			sourceTree = "<group>";
		};
		5F7F86341FF05B2000FC440E /* classes */ = {
			isa = PBXGroup;
			children = (
				5F7F86351FF05B6700FC440E /* Constant.swift */,
			);
			path = classes;
			sourceTree = "<group>";
		};
		6943FE45CCCEC75B16E9F17A /* Frameworks */ = {
			isa = PBXGroup;
			children = (
				1CEB5933BCA7644E44028E74 /* Pods_ISSPassTimes.framework */,
				5C8C79E5E43367767577C73D /* Pods_ISSPassTimesTests.framework */,
				4EFE7B042C2A7045D2908FBD /* Pods_ISSPassTimesUITests.framework */,
			);
			name = Frameworks;
			sourceTree = "<group>";
		};
/* End PBXGroup section */

/* Begin PBXNativeTarget section */
		5F7F85FC1FF04E0700FC440E /* ISSPassTimes */ = {
			isa = PBXNativeTarget;
			buildConfigurationList = 5F7F86251FF04E0700FC440E /* Build configuration list for PBXNativeTarget "ISSPassTimes" */;
			buildPhases = (
				3429D809A8D79EFE80E0F8E2 /* [CP] Check Pods Manifest.lock */,
				5F7F85F91FF04E0700FC440E /* Sources */,
				5F7F85FA1FF04E0700FC440E /* Frameworks */,
				5F7F85FB1FF04E0700FC440E /* Resources */,
				7D3BF97A30F9312CA179D223 /* [CP] Embed Pods Frameworks */,
				234D013E1DDBAEC4BB79094F /* [CP] Copy Pods Resources */,
			);
			buildRules = (
			);
			dependencies = (
			);
			name = ISSPassTimes;
			productName = ISSPassTimes;
			productReference = 5F7F85FD1FF04E0700FC440E /* ISSPassTimes.app */;
			productType = "com.apple.product-type.application";
		};
		5F7F86101FF04E0700FC440E /* ISSPassTimesTests */ = {
			isa = PBXNativeTarget;
			buildConfigurationList = 5F7F86281FF04E0700FC440E /* Build configuration list for PBXNativeTarget "ISSPassTimesTests" */;
			buildPhases = (
				30385F2D160833E812441212 /* [CP] Check Pods Manifest.lock */,
				5F7F860D1FF04E0700FC440E /* Sources */,
				5F7F860E1FF04E0700FC440E /* Frameworks */,
				5F7F860F1FF04E0700FC440E /* Resources */,
				EAF576E1734D4C54BFEA2967 /* [CP] Embed Pods Frameworks */,
				422FA5FDC13D8447A0C089FE /* [CP] Copy Pods Resources */,
			);
			buildRules = (
			);
			dependencies = (
				5F7F86131FF04E0700FC440E /* PBXTargetDependency */,
			);
			name = ISSPassTimesTests;
			productName = ISSPassTimesTests;
			productReference = 5F7F86111FF04E0700FC440E /* ISSPassTimesTests.xctest */;
			productType = "com.apple.product-type.bundle.unit-test";
		};
		5F7F861B1FF04E0700FC440E /* ISSPassTimesUITests */ = {
			isa = PBXNativeTarget;
			buildConfigurationList = 5F7F862B1FF04E0700FC440E /* Build configuration list for PBXNativeTarget "ISSPassTimesUITests" */;
			buildPhases = (
				19603695AAB16F712677CAE9 /* [CP] Check Pods Manifest.lock */,
				5F7F86181FF04E0700FC440E /* Sources */,
				5F7F86191FF04E0700FC440E /* Frameworks */,
				5F7F861A1FF04E0700FC440E /* Resources */,
				1649A6BCA348F8117BB4B2B4 /* [CP] Embed Pods Frameworks */,
				B638B556C19A1551CF9E9B06 /* [CP] Copy Pods Resources */,
			);
			buildRules = (
			);
			dependencies = (
				5F7F861E1FF04E0700FC440E /* PBXTargetDependency */,
			);
			name = ISSPassTimesUITests;
			productName = ISSPassTimesUITests;
			productReference = 5F7F861C1FF04E0700FC440E /* ISSPassTimesUITests.xctest */;
			productType = "com.apple.product-type.bundle.ui-testing";
		};
/* End PBXNativeTarget section */

/* Begin PBXProject section */
		5F7F85F51FF04E0700FC440E /* Project object */ = {
			isa = PBXProject;
			attributes = {
				LastSwiftUpdateCheck = 0900;
				LastUpgradeCheck = 0900;
				ORGANIZATIONNAME = "Raghunath, Karthik Raja (Contractor)";
				TargetAttributes = {
					5F7F85FC1FF04E0700FC440E = {
						CreatedOnToolsVersion = 9.0;
						ProvisioningStyle = Automatic;
					};
					5F7F86101FF04E0700FC440E = {
						CreatedOnToolsVersion = 9.0;
						ProvisioningStyle = Automatic;
						TestTargetID = 5F7F85FC1FF04E0700FC440E;
					};
					5F7F861B1FF04E0700FC440E = {
						CreatedOnToolsVersion = 9.0;
						ProvisioningStyle = Automatic;
						TestTargetID = 5F7F85FC1FF04E0700FC440E;
					};
				};
			};
			buildConfigurationList = 5F7F85F81FF04E0700FC440E /* Build configuration list for PBXProject "ISSPassTimes" */;
			compatibilityVersion = "Xcode 8.0";
			developmentRegion = en;
			hasScannedForEncodings = 0;
			knownRegions = (
				en,
				Base,
			);
			mainGroup = 5F7F85F41FF04E0700FC440E;
			productRefGroup = 5F7F85FE1FF04E0700FC440E /* Products */;
			projectDirPath = "";
			projectRoot = "";
			targets = (
				5F7F85FC1FF04E0700FC440E /* ISSPassTimes */,
				5F7F86101FF04E0700FC440E /* ISSPassTimesTests */,
				5F7F861B1FF04E0700FC440E /* ISSPassTimesUITests */,
			);
		};
/* End PBXProject section */

/* Begin PBXResourcesBuildPhase section */
		5F7F85FB1FF04E0700FC440E /* Resources */ = {
			isa = PBXResourcesBuildPhase;
			buildActionMask = 2147483647;
			files = (
				5F7F860B1FF04E0700FC440E /* LaunchScreen.storyboard in Resources */,
				5F7F86081FF04E0700FC440E /* Assets.xcassets in Resources */,
				5F7F86061FF04E0700FC440E /* Main.storyboard in Resources */,
			);
			runOnlyForDeploymentPostprocessing = 0;
		};
		5F7F860F1FF04E0700FC440E /* Resources */ = {
			isa = PBXResourcesBuildPhase;
			buildActionMask = 2147483647;
			files = (
			);
			runOnlyForDeploymentPostprocessing = 0;
		};
		5F7F861A1FF04E0700FC440E /* Resources */ = {
			isa = PBXResourcesBuildPhase;
			buildActionMask = 2147483647;
			files = (
			);
			runOnlyForDeploymentPostprocessing = 0;
		};
/* End PBXResourcesBuildPhase section */

/* Begin PBXShellScriptBuildPhase section */
		1649A6BCA348F8117BB4B2B4 /* [CP] Embed Pods Frameworks */ = {
			isa = PBXShellScriptBuildPhase;
			buildActionMask = 2147483647;
			files = (
			);
			inputPaths = (
			);
			name = "[CP] Embed Pods Frameworks";
			outputPaths = (
			);
			runOnlyForDeploymentPostprocessing = 0;
			shellPath = /bin/sh;
			shellScript = "\"${SRCROOT}/Pods/Target Support Files/Pods-ISSPassTimesUITests/Pods-ISSPassTimesUITests-frameworks.sh\"\n";
			showEnvVarsInLog = 0;
		};
		19603695AAB16F712677CAE9 /* [CP] Check Pods Manifest.lock */ = {
			isa = PBXShellScriptBuildPhase;
			buildActionMask = 2147483647;
			files = (
			);
			inputPaths = (
				"${PODS_PODFILE_DIR_PATH}/Podfile.lock",
				"${PODS_ROOT}/Manifest.lock",
			);
			name = "[CP] Check Pods Manifest.lock";
			outputPaths = (
				"$(DERIVED_FILE_DIR)/Pods-ISSPassTimesUITests-checkManifestLockResult.txt",
			);
			runOnlyForDeploymentPostprocessing = 0;
			shellPath = /bin/sh;
			shellScript = "diff \"${PODS_PODFILE_DIR_PATH}/Podfile.lock\" \"${PODS_ROOT}/Manifest.lock\" > /dev/null\nif [ $? != 0 ] ; then\n    # print error to STDERR\n    echo \"error: The sandbox is not in sync with the Podfile.lock. Run 'pod install' or update your CocoaPods installation.\" >&2\n    exit 1\nfi\n# This output is used by Xcode 'outputs' to avoid re-running this script phase.\necho \"SUCCESS\" > \"${SCRIPT_OUTPUT_FILE_0}\"\n";
			showEnvVarsInLog = 0;
		};
		234D013E1DDBAEC4BB79094F /* [CP] Copy Pods Resources */ = {
			isa = PBXShellScriptBuildPhase;
			buildActionMask = 2147483647;
			files = (
			);
			inputPaths = (
			);
			name = "[CP] Copy Pods Resources";
			outputPaths = (
			);
			runOnlyForDeploymentPostprocessing = 0;
			shellPath = /bin/sh;
			shellScript = "\"${SRCROOT}/Pods/Target Support Files/Pods-ISSPassTimes/Pods-ISSPassTimes-resources.sh\"\n";
			showEnvVarsInLog = 0;
		};
		30385F2D160833E812441212 /* [CP] Check Pods Manifest.lock */ = {
			isa = PBXShellScriptBuildPhase;
			buildActionMask = 2147483647;
			files = (
			);
			inputPaths = (
				"${PODS_PODFILE_DIR_PATH}/Podfile.lock",
				"${PODS_ROOT}/Manifest.lock",
			);
			name = "[CP] Check Pods Manifest.lock";
			outputPaths = (
				"$(DERIVED_FILE_DIR)/Pods-ISSPassTimesTests-checkManifestLockResult.txt",
			);
			runOnlyForDeploymentPostprocessing = 0;
			shellPath = /bin/sh;
			shellScript = "diff \"${PODS_PODFILE_DIR_PATH}/Podfile.lock\" \"${PODS_ROOT}/Manifest.lock\" > /dev/null\nif [ $? != 0 ] ; then\n    # print error to STDERR\n    echo \"error: The sandbox is not in sync with the Podfile.lock. Run 'pod install' or update your CocoaPods installation.\" >&2\n    exit 1\nfi\n# This output is used by Xcode 'outputs' to avoid re-running this script phase.\necho \"SUCCESS\" > \"${SCRIPT_OUTPUT_FILE_0}\"\n";
			showEnvVarsInLog = 0;
		};
		3429D809A8D79EFE80E0F8E2 /* [CP] Check Pods Manifest.lock */ = {
			isa = PBXShellScriptBuildPhase;
			buildActionMask = 2147483647;
			files = (
			);
			inputPaths = (
				"${PODS_PODFILE_DIR_PATH}/Podfile.lock",
				"${PODS_ROOT}/Manifest.lock",
			);
			name = "[CP] Check Pods Manifest.lock";
			outputPaths = (
				"$(DERIVED_FILE_DIR)/Pods-ISSPassTimes-checkManifestLockResult.txt",
			);
			runOnlyForDeploymentPostprocessing = 0;
			shellPath = /bin/sh;
			shellScript = "diff \"${PODS_PODFILE_DIR_PATH}/Podfile.lock\" \"${PODS_ROOT}/Manifest.lock\" > /dev/null\nif [ $? != 0 ] ; then\n    # print error to STDERR\n    echo \"error: The sandbox is not in sync with the Podfile.lock. Run 'pod install' or update your CocoaPods installation.\" >&2\n    exit 1\nfi\n# This output is used by Xcode 'outputs' to avoid re-running this script phase.\necho \"SUCCESS\" > \"${SCRIPT_OUTPUT_FILE_0}\"\n";
			showEnvVarsInLog = 0;
		};
		422FA5FDC13D8447A0C089FE /* [CP] Copy Pods Resources */ = {
			isa = PBXShellScriptBuildPhase;
			buildActionMask = 2147483647;
			files = (
			);
			inputPaths = (
			);
			name = "[CP] Copy Pods Resources";
			outputPaths = (
			);
			runOnlyForDeploymentPostprocessing = 0;
			shellPath = /bin/sh;
			shellScript = "\"${SRCROOT}/Pods/Target Support Files/Pods-ISSPassTimesTests/Pods-ISSPassTimesTests-resources.sh\"\n";
			showEnvVarsInLog = 0;
		};
		7D3BF97A30F9312CA179D223 /* [CP] Embed Pods Frameworks */ = {
			isa = PBXShellScriptBuildPhase;
			buildActionMask = 2147483647;
			files = (
			);
			inputPaths = (
				"${SRCROOT}/Pods/Target Support Files/Pods-ISSPassTimes/Pods-ISSPassTimes-frameworks.sh",
				"${BUILT_PRODUCTS_DIR}/Alamofire/Alamofire.framework",
				"${BUILT_PRODUCTS_DIR}/SwiftyJSON/SwiftyJSON.framework",
			);
			name = "[CP] Embed Pods Frameworks";
			outputPaths = (
				"${TARGET_BUILD_DIR}/${FRAMEWORKS_FOLDER_PATH}/Alamofire.framework",
				"${TARGET_BUILD_DIR}/${FRAMEWORKS_FOLDER_PATH}/SwiftyJSON.framework",
			);
			runOnlyForDeploymentPostprocessing = 0;
			shellPath = /bin/sh;
			shellScript = "\"${SRCROOT}/Pods/Target Support Files/Pods-ISSPassTimes/Pods-ISSPassTimes-frameworks.sh\"\n";
			showEnvVarsInLog = 0;
		};
		B638B556C19A1551CF9E9B06 /* [CP] Copy Pods Resources */ = {
			isa = PBXShellScriptBuildPhase;
			buildActionMask = 2147483647;
			files = (
			);
			inputPaths = (
			);
			name = "[CP] Copy Pods Resources";
			outputPaths = (
			);
			runOnlyForDeploymentPostprocessing = 0;
			shellPath = /bin/sh;
			shellScript = "\"${SRCROOT}/Pods/Target Support Files/Pods-ISSPassTimesUITests/Pods-ISSPassTimesUITests-resources.sh\"\n";
			showEnvVarsInLog = 0;
		};
		EAF576E1734D4C54BFEA2967 /* [CP] Embed Pods Frameworks */ = {
			isa = PBXShellScriptBuildPhase;
			buildActionMask = 2147483647;
			files = (
			);
			inputPaths = (
			);
			name = "[CP] Embed Pods Frameworks";
			outputPaths = (
			);
			runOnlyForDeploymentPostprocessing = 0;
			shellPath = /bin/sh;
			shellScript = "\"${SRCROOT}/Pods/Target Support Files/Pods-ISSPassTimesTests/Pods-ISSPassTimesTests-frameworks.sh\"\n";
			showEnvVarsInLog = 0;
		};
/* End PBXShellScriptBuildPhase section */

/* Begin PBXSourcesBuildPhase section */
		5F7F85F91FF04E0700FC440E /* Sources */ = {
			isa = PBXSourcesBuildPhase;
			buildActionMask = 2147483647;
			files = (
				5F7F86331FF057DF00FC440E /* ISSPassTimes.swift in Sources */,
				5F7F86031FF04E0700FC440E /* ISSPassTimesViewController.swift in Sources */,
				5F7F86381FF05B8700FC440E /* ISSPassTimesViewModel.swift in Sources */,
				5F7F86011FF04E0700FC440E /* AppDelegate.swift in Sources */,
				5F7F86361FF05B6700FC440E /* Constant.swift in Sources */,
			);
			runOnlyForDeploymentPostprocessing = 0;
		};
		5F7F860D1FF04E0700FC440E /* Sources */ = {
			isa = PBXSourcesBuildPhase;
			buildActionMask = 2147483647;
			files = (
				5F7F86161FF04E0700FC440E /* ISSPassTimesTests.swift in Sources */,
			);
			runOnlyForDeploymentPostprocessing = 0;
		};
		5F7F86181FF04E0700FC440E /* Sources */ = {
			isa = PBXSourcesBuildPhase;
			buildActionMask = 2147483647;
			files = (
				5F7F86211FF04E0700FC440E /* ISSPassTimesUITests.swift in Sources */,
			);
			runOnlyForDeploymentPostprocessing = 0;
		};
/* End PBXSourcesBuildPhase section */

/* Begin PBXTargetDependency section */
		5F7F86131FF04E0700FC440E /* PBXTargetDependency */ = {
			isa = PBXTargetDependency;
			target = 5F7F85FC1FF04E0700FC440E /* ISSPassTimes */;
			targetProxy = 5F7F86121FF04E0700FC440E /* PBXContainerItemProxy */;
		};
		5F7F861E1FF04E0700FC440E /* PBXTargetDependency */ = {
			isa = PBXTargetDependency;
			target = 5F7F85FC1FF04E0700FC440E /* ISSPassTimes */;
			targetProxy = 5F7F861D1FF04E0700FC440E /* PBXContainerItemProxy */;
		};
/* End PBXTargetDependency section */

/* Begin PBXVariantGroup section */
		5F7F86041FF04E0700FC440E /* Main.storyboard */ = {
			isa = PBXVariantGroup;
			children = (
				5F7F86051FF04E0700FC440E /* Base */,
			);
			name = Main.storyboard;
			sourceTree = "<group>";
		};
		5F7F86091FF04E0700FC440E /* LaunchScreen.storyboard */ = {
			isa = PBXVariantGroup;
			children = (
				5F7F860A1FF04E0700FC440E /* Base */,
			);
			name = LaunchScreen.storyboard;
			sourceTree = "<group>";
		};
/* End PBXVariantGroup section */

/* Begin XCBuildConfiguration section */
		5F7F86231FF04E0700FC440E /* Debug */ = {
			isa = XCBuildConfiguration;
			buildSettings = {
				ALWAYS_SEARCH_USER_PATHS = NO;
				CLANG_ANALYZER_NONNULL = YES;
				CLANG_ANALYZER_NUMBER_OBJECT_CONVERSION = YES_AGGRESSIVE;
				CLANG_CXX_LANGUAGE_STANDARD = "gnu++14";
				CLANG_CXX_LIBRARY = "libc++";
				CLANG_ENABLE_MODULES = YES;
				CLANG_ENABLE_OBJC_ARC = YES;
				CLANG_WARN_BLOCK_CAPTURE_AUTORELEASING = YES;
				CLANG_WARN_BOOL_CONVERSION = YES;
				CLANG_WARN_COMMA = YES;
				CLANG_WARN_CONSTANT_CONVERSION = YES;
				CLANG_WARN_DIRECT_OBJC_ISA_USAGE = YES_ERROR;
				CLANG_WARN_DOCUMENTATION_COMMENTS = YES;
				CLANG_WARN_EMPTY_BODY = YES;
				CLANG_WARN_ENUM_CONVERSION = YES;
				CLANG_WARN_INFINITE_RECURSION = YES;
				CLANG_WARN_INT_CONVERSION = YES;
				CLANG_WARN_NON_LITERAL_NULL_CONVERSION = YES;
				CLANG_WARN_OBJC_LITERAL_CONVERSION = YES;
				CLANG_WARN_OBJC_ROOT_CLASS = YES_ERROR;
				CLANG_WARN_RANGE_LOOP_ANALYSIS = YES;
				CLANG_WARN_STRICT_PROTOTYPES = YES;
				CLANG_WARN_SUSPICIOUS_MOVE = YES;
				CLANG_WARN_UNGUARDED_AVAILABILITY = YES_AGGRESSIVE;
				CLANG_WARN_UNREACHABLE_CODE = YES;
				CLANG_WARN__DUPLICATE_METHOD_MATCH = YES;
				CODE_SIGN_IDENTITY = "iPhone Developer";
				COPY_PHASE_STRIP = NO;
				DEBUG_INFORMATION_FORMAT = dwarf;
				ENABLE_STRICT_OBJC_MSGSEND = YES;
				ENABLE_TESTABILITY = YES;
				GCC_C_LANGUAGE_STANDARD = gnu11;
				GCC_DYNAMIC_NO_PIC = NO;
				GCC_NO_COMMON_BLOCKS = YES;
				GCC_OPTIMIZATION_LEVEL = 0;
				GCC_PREPROCESSOR_DEFINITIONS = (
					"DEBUG=1",
					"$(inherited)",
				);
				GCC_WARN_64_TO_32_BIT_CONVERSION = YES;
				GCC_WARN_ABOUT_RETURN_TYPE = YES_ERROR;
				GCC_WARN_UNDECLARED_SELECTOR = YES;
				GCC_WARN_UNINITIALIZED_AUTOS = YES_AGGRESSIVE;
				GCC_WARN_UNUSED_FUNCTION = YES;
				GCC_WARN_UNUSED_VARIABLE = YES;
				IPHONEOS_DEPLOYMENT_TARGET = 11.0;
				MTL_ENABLE_DEBUG_INFO = YES;
				ONLY_ACTIVE_ARCH = YES;
				SDKROOT = iphoneos;
				SWIFT_ACTIVE_COMPILATION_CONDITIONS = DEBUG;
				SWIFT_OPTIMIZATION_LEVEL = "-Onone";
			};
			name = Debug;
		};
		5F7F86241FF04E0700FC440E /* Release */ = {
			isa = XCBuildConfiguration;
			buildSettings = {
				ALWAYS_SEARCH_USER_PATHS = NO;
				CLANG_ANALYZER_NONNULL = YES;
				CLANG_ANALYZER_NUMBER_OBJECT_CONVERSION = YES_AGGRESSIVE;
				CLANG_CXX_LANGUAGE_STANDARD = "gnu++14";
				CLANG_CXX_LIBRARY = "libc++";
				CLANG_ENABLE_MODULES = YES;
				CLANG_ENABLE_OBJC_ARC = YES;
				CLANG_WARN_BLOCK_CAPTURE_AUTORELEASING = YES;
				CLANG_WARN_BOOL_CONVERSION = YES;
				CLANG_WARN_COMMA = YES;
				CLANG_WARN_CONSTANT_CONVERSION = YES;
				CLANG_WARN_DIRECT_OBJC_ISA_USAGE = YES_ERROR;
				CLANG_WARN_DOCUMENTATION_COMMENTS = YES;
				CLANG_WARN_EMPTY_BODY = YES;
				CLANG_WARN_ENUM_CONVERSION = YES;
				CLANG_WARN_INFINITE_RECURSION = YES;
				CLANG_WARN_INT_CONVERSION = YES;
				CLANG_WARN_NON_LITERAL_NULL_CONVERSION = YES;
				CLANG_WARN_OBJC_LITERAL_CONVERSION = YES;
				CLANG_WARN_OBJC_ROOT_CLASS = YES_ERROR;
				CLANG_WARN_RANGE_LOOP_ANALYSIS = YES;
				CLANG_WARN_STRICT_PROTOTYPES = YES;
				CLANG_WARN_SUSPICIOUS_MOVE = YES;
				CLANG_WARN_UNGUARDED_AVAILABILITY = YES_AGGRESSIVE;
				CLANG_WARN_UNREACHABLE_CODE = YES;
				CLANG_WARN__DUPLICATE_METHOD_MATCH = YES;
				CODE_SIGN_IDENTITY = "iPhone Developer";
				COPY_PHASE_STRIP = NO;
				DEBUG_INFORMATION_FORMAT = "dwarf-with-dsym";
				ENABLE_NS_ASSERTIONS = NO;
				ENABLE_STRICT_OBJC_MSGSEND = YES;
				GCC_C_LANGUAGE_STANDARD = gnu11;
				GCC_NO_COMMON_BLOCKS = YES;
				GCC_WARN_64_TO_32_BIT_CONVERSION = YES;
				GCC_WARN_ABOUT_RETURN_TYPE = YES_ERROR;
				GCC_WARN_UNDECLARED_SELECTOR = YES;
				GCC_WARN_UNINITIALIZED_AUTOS = YES_AGGRESSIVE;
				GCC_WARN_UNUSED_FUNCTION = YES;
				GCC_WARN_UNUSED_VARIABLE = YES;
				IPHONEOS_DEPLOYMENT_TARGET = 11.0;
				MTL_ENABLE_DEBUG_INFO = NO;
				SDKROOT = iphoneos;
				SWIFT_OPTIMIZATION_LEVEL = "-Owholemodule";
				VALIDATE_PRODUCT = YES;
			};
			name = Release;
		};
		5F7F86261FF04E0700FC440E /* Debug */ = {
			isa = XCBuildConfiguration;
			baseConfigurationReference = EFAFDA3BC393E7CA0A9C3245 /* Pods-ISSPassTimes.debug.xcconfig */;
			buildSettings = {
				ASSETCATALOG_COMPILER_APPICON_NAME = AppIcon;
				CODE_SIGN_STYLE = Automatic;
				INFOPLIST_FILE = ISSPassTimes/Info.plist;
				LD_RUNPATH_SEARCH_PATHS = "$(inherited) @executable_path/Frameworks";
				PRODUCT_BUNDLE_IDENTIFIER = com.test.ISSPassTimes;
				PRODUCT_NAME = "$(TARGET_NAME)";
				SWIFT_VERSION = 4.0;
				TARGETED_DEVICE_FAMILY = "1,2";
			};
			name = Debug;
		};
		5F7F86271FF04E0700FC440E /* Release */ = {
			isa = XCBuildConfiguration;
			baseConfigurationReference = 090529BAF4580CF1038D061F /* Pods-ISSPassTimes.release.xcconfig */;
			buildSettings = {
				ASSETCATALOG_COMPILER_APPICON_NAME = AppIcon;
				CODE_SIGN_STYLE = Automatic;
				INFOPLIST_FILE = ISSPassTimes/Info.plist;
				LD_RUNPATH_SEARCH_PATHS = "$(inherited) @executable_path/Frameworks";
				PRODUCT_BUNDLE_IDENTIFIER = com.test.ISSPassTimes;
				PRODUCT_NAME = "$(TARGET_NAME)";
				SWIFT_VERSION = 4.0;
				TARGETED_DEVICE_FAMILY = "1,2";
			};
			name = Release;
		};
		5F7F86291FF04E0700FC440E /* Debug */ = {
			isa = XCBuildConfiguration;
			baseConfigurationReference = 39FDCD2E87F1809A326172FA /* Pods-ISSPassTimesTests.debug.xcconfig */;
			buildSettings = {
				ALWAYS_EMBED_SWIFT_STANDARD_LIBRARIES = YES;
				BUNDLE_LOADER = "$(TEST_HOST)";
				CODE_SIGN_STYLE = Automatic;
				INFOPLIST_FILE = ISSPassTimesTests/Info.plist;
				LD_RUNPATH_SEARCH_PATHS = "$(inherited) @executable_path/Frameworks @loader_path/Frameworks";
				PRODUCT_BUNDLE_IDENTIFIER = com.test.ISSPassTimesTests;
				PRODUCT_NAME = "$(TARGET_NAME)";
				SWIFT_VERSION = 4.0;
				TARGETED_DEVICE_FAMILY = "1,2";
				TEST_HOST = "$(BUILT_PRODUCTS_DIR)/ISSPassTimes.app/ISSPassTimes";
			};
			name = Debug;
		};
		5F7F862A1FF04E0700FC440E /* Release */ = {
			isa = XCBuildConfiguration;
			baseConfigurationReference = 62BC69C3897A0F144F38A5B9 /* Pods-ISSPassTimesTests.release.xcconfig */;
			buildSettings = {
				ALWAYS_EMBED_SWIFT_STANDARD_LIBRARIES = YES;
				BUNDLE_LOADER = "$(TEST_HOST)";
				CODE_SIGN_STYLE = Automatic;
				INFOPLIST_FILE = ISSPassTimesTests/Info.plist;
				LD_RUNPATH_SEARCH_PATHS = "$(inherited) @executable_path/Frameworks @loader_path/Frameworks";
				PRODUCT_BUNDLE_IDENTIFIER = com.test.ISSPassTimesTests;
				PRODUCT_NAME = "$(TARGET_NAME)";
				SWIFT_VERSION = 4.0;
				TARGETED_DEVICE_FAMILY = "1,2";
				TEST_HOST = "$(BUILT_PRODUCTS_DIR)/ISSPassTimes.app/ISSPassTimes";
			};
			name = Release;
		};
		5F7F862C1FF04E0700FC440E /* Debug */ = {
			isa = XCBuildConfiguration;
			baseConfigurationReference = 60E7F4CC7E9B0B0D239D2E5B /* Pods-ISSPassTimesUITests.debug.xcconfig */;
			buildSettings = {
				ALWAYS_EMBED_SWIFT_STANDARD_LIBRARIES = YES;
				CODE_SIGN_STYLE = Automatic;
				INFOPLIST_FILE = ISSPassTimesUITests/Info.plist;
				LD_RUNPATH_SEARCH_PATHS = "$(inherited) @executable_path/Frameworks @loader_path/Frameworks";
				PRODUCT_BUNDLE_IDENTIFIER = com.test.ISSPassTimesUITests;
				PRODUCT_NAME = "$(TARGET_NAME)";
				SWIFT_VERSION = 4.0;
				TARGETED_DEVICE_FAMILY = "1,2";
				TEST_TARGET_NAME = ISSPassTimes;
			};
			name = Debug;
		};
		5F7F862D1FF04E0700FC440E /* Release */ = {
			isa = XCBuildConfiguration;
			baseConfigurationReference = 15B36E33E9A41A056FC7A5EA /* Pods-ISSPassTimesUITests.release.xcconfig */;
			buildSettings = {
				ALWAYS_EMBED_SWIFT_STANDARD_LIBRARIES = YES;
				CODE_SIGN_STYLE = Automatic;
				INFOPLIST_FILE = ISSPassTimesUITests/Info.plist;
				LD_RUNPATH_SEARCH_PATHS = "$(inherited) @executable_path/Frameworks @loader_path/Frameworks";
				PRODUCT_BUNDLE_IDENTIFIER = com.test.ISSPassTimesUITests;
				PRODUCT_NAME = "$(TARGET_NAME)";
				SWIFT_VERSION = 4.0;
				TARGETED_DEVICE_FAMILY = "1,2";
				TEST_TARGET_NAME = ISSPassTimes;
			};
			name = Release;
		};
/* End XCBuildConfiguration section */

/* Begin XCConfigurationList section */
		5F7F85F81FF04E0700FC440E /* Build configuration list for PBXProject "ISSPassTimes" */ = {
			isa = XCConfigurationList;
			buildConfigurations = (
				5F7F86231FF04E0700FC440E /* Debug */,
				5F7F86241FF04E0700FC440E /* Release */,
			);
			defaultConfigurationIsVisible = 0;
			defaultConfigurationName = Release;
		};
		5F7F86251FF04E0700FC440E /* Build configuration list for PBXNativeTarget "ISSPassTimes" */ = {
			isa = XCConfigurationList;
			buildConfigurations = (
				5F7F86261FF04E0700FC440E /* Debug */,
				5F7F86271FF04E0700FC440E /* Release */,
			);
			defaultConfigurationIsVisible = 0;
			defaultConfigurationName = Release;
		};
		5F7F86281FF04E0700FC440E /* Build configuration list for PBXNativeTarget "ISSPassTimesTests" */ = {
			isa = XCConfigurationList;
			buildConfigurations = (
				5F7F86291FF04E0700FC440E /* Debug */,
				5F7F862A1FF04E0700FC440E /* Release */,
			);
			defaultConfigurationIsVisible = 0;
			defaultConfigurationName = Release;
		};
		5F7F862B1FF04E0700FC440E /* Build configuration list for PBXNativeTarget "ISSPassTimesUITests" */ = {
			isa = XCConfigurationList;
			buildConfigurations = (
				5F7F862C1FF04E0700FC440E /* Debug */,
				5F7F862D1FF04E0700FC440E /* Release */,
			);
			defaultConfigurationIsVisible = 0;
			defaultConfigurationName = Release;
		};
/* End XCConfigurationList section */
	};
	rootObject = 5F7F85F51FF04E0700FC440E /* Project object */;
}
